// !$*UTF8*$!
{
	archiveVersion = 1;
	classes = {};
	objectVersion = 77;
	objects = {

/* Begin PBXBuildFile section */
		A10000000000000000000001 /* HaulMateApp.swift in Sources */ = {isa = PBXBuildFile; fileRef = B10000000000000000000001 /* HaulMateApp.swift */; };
		A10000000000000000000003 /* AppRouter.swift in Sources */ = {isa = PBXBuildFile; fileRef = B10000000000000000000003 /* AppRouter.swift */; };
		A10000000000000000000004 /* NavigationStateStore.swift in Sources */ = {isa = PBXBuildFile; fileRef = B10000000000000000000004 /* NavigationStateStore.swift */; };
		A10000000000000000000005 /* AppRootView.swift in Sources */ = {isa = PBXBuildFile; fileRef = B10000000000000000000005 /* AppRootView.swift */; };
		A10000000000000000000006 /* AuthenticationView.swift in Sources */ = {isa = PBXBuildFile; fileRef = B10000000000000000000006 /* AuthenticationView.swift */; };
		A10000000000000000000007 /* DashboardView.swift in Sources */ = {isa = PBXBuildFile; fileRef = B10000000000000000000007 /* DashboardView.swift */; };
		A10000000000000000000008 /* AppStatusView.swift in Sources */ = {isa = PBXBuildFile; fileRef = B10000000000000000000008 /* AppStatusView.swift */; };
		A10000000000000000000009 /* AppRouterTests.swift in Sources */ = {isa = PBXBuildFile; fileRef = B10000000000000000000009 /* AppRouterTests.swift */; };
		A1000000000000000000000B /* AppEnvironment.swift in Sources */ = {isa = PBXBuildFile; fileRef = B1000000000000000000000E /* AppEnvironment.swift */; };
		A1000000000000000000000C /* DashboardTabView.swift in Sources */ = {isa = PBXBuildFile; fileRef = B1000000000000000000000F /* DashboardTabView.swift */; };
		A1000000000000000000000D /* LoadsTabView.swift in Sources */ = {isa = PBXBuildFile; fileRef = B10000000000000000000010 /* LoadsTabView.swift */; };
		A1000000000000000000000E /* LoadDetailView.swift in Sources */ = {isa = PBXBuildFile; fileRef = B10000000000000000000011 /* LoadDetailView.swift */; };
		A1000000000000000000000F /* SettingsTabView.swift in Sources */ = {isa = PBXBuildFile; fileRef = B10000000000000000000012 /* SettingsTabView.swift */; };
		A10000000000000000000024 /* BusinessProfileView.swift in Sources */ = {isa = PBXBuildFile; fileRef = B10000000000000000000024 /* BusinessProfileView.swift */; };
		A10000000000000000000010 /* NewLoadView.swift in Sources */ = {isa = PBXBuildFile; fileRef = B10000000000000000000013 /* NewLoadView.swift */; };
		A10000000000000000000011 /* AppEnvironmentTests.swift in Sources */ = {isa = PBXBuildFile; fileRef = B10000000000000000000014 /* AppEnvironmentTests.swift */; };
		A10000000000000000000012 /* AuthRepositoryDefaults.swift in Sources */ = {isa = PBXBuildFile; fileRef = B10000000000000000000015 /* AuthRepositoryDefaults.swift */; };
		A10000000000000000000014 /* PreviewFixtures.swift in Sources */ = {isa = PBXBuildFile; fileRef = B10000000000000000000017 /* PreviewFixtures.swift */; };
		A10000000000000000000015 /* HaulMateDesignSystem.swift in Sources */ = {isa = PBXBuildFile; fileRef = B10000000000000000000018 /* HaulMateDesignSystem.swift */; };
		A10000000000000000000016 /* AccountOnboardingModels.swift in Sources */ = {isa = PBXBuildFile; fileRef = B10000000000000000000019 /* AccountOnboardingModels.swift */; };
		A10000000000000000000017 /* AccountOnboardingModelTests.swift in Sources */ = {isa = PBXBuildFile; fileRef = B1000000000000000000001A /* AccountOnboardingModelTests.swift */; };
		A10000000000000000000018 /* Localizable.swift in Sources */ = {isa = PBXBuildFile; fileRef = B1000000000000000000001B /* Localizable.swift */; };
		A10000000000000000000019 /* Localizable.strings in Resources */ = {isa = PBXBuildFile; fileRef = B1000000000000000000001C /* Localizable.strings */; };
		A20000000000000000000001 /* LoadDomain.swift in Sources */ = {isa = PBXBuildFile; fileRef = B20000000000000000000001 /* LoadDomain.swift */; };
		A20000000000000000000002 /* LoadStateMachineTests.swift in Sources */ = {isa = PBXBuildFile; fileRef = B20000000000000000000002 /* LoadStateMachineTests.swift */; };
		A1000000000000000000001A /* TruckCostProfileView.swift in Sources */ = {isa = PBXBuildFile; fileRef = B1000000000000000000001E /* TruckCostProfileView.swift */; };
		A1000000000000000000001B /* TruckCostProfileModels.swift in Sources */ = {isa = PBXBuildFile; fileRef = B1000000000000000000001F /* TruckCostProfileModels.swift */; };
		A1000000000000000000001C /* TruckCostProfileModelTests.swift in Sources */ = {isa = PBXBuildFile; fileRef = B10000000000000000000020 /* TruckCostProfileModelTests.swift */; };
		A1000000000000000000001D /* NewLoadModels.swift in Sources */ = {isa = PBXBuildFile; fileRef = B10000000000000000000021 /* NewLoadModels.swift */; };
		A1000000000000000000001E /* NewLoadModelTests.swift in Sources */ = {isa = PBXBuildFile; fileRef = B10000000000000000000022 /* NewLoadModelTests.swift */; };
		A1000000000000000000001F /* AttachmentImportButton.swift in Sources */ = {isa = PBXBuildFile; fileRef = B10000000000000000000023 /* AttachmentImportButton.swift */; };
		A30000000000000000000001 /* ProfitabilityCalculator.swift in Sources */ = {isa = PBXBuildFile; fileRef = B30000000000000000000001 /* ProfitabilityCalculator.swift */; };
		A30000000000000000000002 /* ProfitabilityCalculatorTests.swift in Sources */ = {isa = PBXBuildFile; fileRef = B30000000000000000000002 /* ProfitabilityCalculatorTests.swift */; };
		A40000000000000000000001 /* BillingCalculations.swift in Sources */ = {isa = PBXBuildFile; fileRef = B40000000000000000000001 /* BillingCalculations.swift */; };
		A40000000000000000000002 /* BillingCalculationsTests.swift in Sources */ = {isa = PBXBuildFile; fileRef = B40000000000000000000002 /* BillingCalculationsTests.swift */; };
		A50000000000000000000001 /* ETAEstimation.swift in Sources */ = {isa = PBXBuildFile; fileRef = B50000000000000000000001 /* ETAEstimation.swift */; };
		A50000000000000000000002 /* ETAEstimationTests.swift in Sources */ = {isa = PBXBuildFile; fileRef = B50000000000000000000002 /* ETAEstimationTests.swift */; };
		A60000000000000000000005 /* HaulMateStorageKeys.swift in Sources */ = {isa = PBXBuildFile; fileRef = B60000000000000000000005 /* HaulMateStorageKeys.swift */; };
		A60000000000000000000006 /* LocalStorageModels.swift in Sources */ = {isa = PBXBuildFile; fileRef = B60000000000000000000007 /* LocalStorageModels.swift */; };
		A60000000000000000000007 /* LocalStorageDTOs.swift in Sources */ = {isa = PBXBuildFile; fileRef = B60000000000000000000008 /* LocalStorageDTOs.swift */; };
		A60000000000000000000008 /* HaulMateLocalStorageRepository.swift in Sources */ = {isa = PBXBuildFile; fileRef = B60000000000000000000009 /* HaulMateLocalStorageRepository.swift */; };
		A60000000000000000000009 /* HaulMateLocalStorageRepositoryTests.swift in Sources */ = {isa = PBXBuildFile; fileRef = B6000000000000000000000A /* HaulMateLocalStorageRepositoryTests.swift */; };
		A80000000000000000000001 /* AuthSession.swift in Sources */ = {isa = PBXBuildFile; fileRef = B80000000000000000000001 /* AuthSession.swift */; };
		A80000000000000000000002 /* HaulMateSecureSessionStore.swift in Sources */ = {isa = PBXBuildFile; fileRef = B80000000000000000000002 /* HaulMateSecureSessionStore.swift */; };
		A70000000000000000000001 /* StorageModule in Frameworks */ = {isa = PBXBuildFile; productRef = P70000000000000000000002 /* StorageModule */; };
		A70000000000000000000002 /* AuthorizationModule in Frameworks */ = {isa = PBXBuildFile; productRef = P80000000000000000000002 /* AuthorizationModule */; };
/* End PBXBuildFile section */

/* Begin PBXContainerItemProxy section */
		C10000000000000000000001 /* PBXContainerItemProxy */ = {
			isa = PBXContainerItemProxy;
			containerPortal = D10000000000000000000001 /* Project object */;
			proxyType = 1;
			remoteGlobalIDString = E10000000000000000000001;
			remoteInfo = HaulMate;
		};
/* End PBXContainerItemProxy section */

/* Begin PBXFileReference section */
		B10000000000000000000001 /* HaulMateApp.swift */ = {isa = PBXFileReference; lastKnownFileType = sourcecode.swift; path = HaulMateApp.swift; sourceTree = "<group>"; };
		B10000000000000000000003 /* AppRouter.swift */ = {isa = PBXFileReference; lastKnownFileType = sourcecode.swift; path = AppRouter.swift; sourceTree = "<group>"; };
		B10000000000000000000004 /* NavigationStateStore.swift */ = {isa = PBXFileReference; lastKnownFileType = sourcecode.swift; path = NavigationStateStore.swift; sourceTree = "<group>"; };
		B10000000000000000000005 /* AppRootView.swift */ = {isa = PBXFileReference; lastKnownFileType = sourcecode.swift; path = AppRootView.swift; sourceTree = "<group>"; };
		B10000000000000000000006 /* AuthenticationView.swift */ = {isa = PBXFileReference; lastKnownFileType = sourcecode.swift; path = AuthenticationView.swift; sourceTree = "<group>"; };
		B10000000000000000000007 /* DashboardView.swift */ = {isa = PBXFileReference; lastKnownFileType = sourcecode.swift; path = DashboardView.swift; sourceTree = "<group>"; };
		B10000000000000000000008 /* AppStatusView.swift */ = {isa = PBXFileReference; lastKnownFileType = sourcecode.swift; path = AppStatusView.swift; sourceTree = "<group>"; };
		B10000000000000000000009 /* AppRouterTests.swift */ = {isa = PBXFileReference; lastKnownFileType = sourcecode.swift; path = AppRouterTests.swift; sourceTree = "<group>"; };
		B1000000000000000000000B /* HaulMate.app */ = {isa = PBXFileReference; explicitFileType = wrapper.application; includeInIndex = 0; path = HaulMate.app; sourceTree = BUILT_PRODUCTS_DIR; };
		B1000000000000000000000C /* HaulMateTests.xctest */ = {isa = PBXFileReference; explicitFileType = wrapper.cfbundle; includeInIndex = 0; path = HaulMateTests.xctest; sourceTree = BUILT_PRODUCTS_DIR; };
		B1000000000000000000000D /* Info.plist */ = {isa = PBXFileReference; lastKnownFileType = text.plist.xml; path = Info.plist; sourceTree = "<group>"; };
		B1000000000000000000000E /* AppEnvironment.swift */ = {isa = PBXFileReference; lastKnownFileType = sourcecode.swift; path = AppEnvironment.swift; sourceTree = "<group>"; };
		B1000000000000000000000F /* DashboardTabView.swift */ = {isa = PBXFileReference; lastKnownFileType = sourcecode.swift; path = DashboardTabView.swift; sourceTree = "<group>"; };
		B10000000000000000000010 /* LoadsTabView.swift */ = {isa = PBXFileReference; lastKnownFileType = sourcecode.swift; path = LoadsTabView.swift; sourceTree = "<group>"; };
		B10000000000000000000011 /* LoadDetailView.swift */ = {isa = PBXFileReference; lastKnownFileType = sourcecode.swift; path = LoadDetailView.swift; sourceTree = "<group>"; };
		B10000000000000000000012 /* SettingsTabView.swift */ = {isa = PBXFileReference; lastKnownFileType = sourcecode.swift; path = SettingsTabView.swift; sourceTree = "<group>"; };
		B10000000000000000000024 /* BusinessProfileView.swift */ = {isa = PBXFileReference; lastKnownFileType = sourcecode.swift; path = BusinessProfileView.swift; sourceTree = "<group>"; };
		B10000000000000000000013 /* NewLoadView.swift */ = {isa = PBXFileReference; lastKnownFileType = sourcecode.swift; path = NewLoadView.swift; sourceTree = "<group>"; };
		B10000000000000000000014 /* AppEnvironmentTests.swift */ = {isa = PBXFileReference; lastKnownFileType = sourcecode.swift; path = AppEnvironmentTests.swift; sourceTree = "<group>"; };
		B10000000000000000000015 /* AuthRepositoryDefaults.swift */ = {isa = PBXFileReference; lastKnownFileType = sourcecode.swift; path = AuthRepositoryDefaults.swift; sourceTree = "<group>"; };
		B10000000000000000000017 /* PreviewFixtures.swift */ = {isa = PBXFileReference; lastKnownFileType = sourcecode.swift; path = PreviewFixtures.swift; sourceTree = "<group>"; };
		B10000000000000000000018 /* HaulMateDesignSystem.swift */ = {isa = PBXFileReference; lastKnownFileType = sourcecode.swift; path = HaulMateDesignSystem.swift; sourceTree = "<group>"; };
		B10000000000000000000019 /* AccountOnboardingModels.swift */ = {isa = PBXFileReference; lastKnownFileType = sourcecode.swift; path = AccountOnboardingModels.swift; sourceTree = "<group>"; };
		B1000000000000000000001A /* AccountOnboardingModelTests.swift */ = {isa = PBXFileReference; lastKnownFileType = sourcecode.swift; path = AccountOnboardingModelTests.swift; sourceTree = "<group>"; };
		B1000000000000000000001B /* Localizable.swift */ = {isa = PBXFileReference; lastKnownFileType = sourcecode.swift; path = Localizable.swift; sourceTree = "<group>"; };
		B1000000000000000000001D /* en */ = {isa = PBXFileReference; lastKnownFileType = text.plist.strings; name = en; path = en.lproj/Localizable.strings; sourceTree = "<group>"; };
		B20000000000000000000001 /* LoadDomain.swift */ = {isa = PBXFileReference; lastKnownFileType = sourcecode.swift; path = LoadDomain.swift; sourceTree = "<group>"; };
		B20000000000000000000002 /* LoadStateMachineTests.swift */ = {isa = PBXFileReference; lastKnownFileType = sourcecode.swift; path = LoadStateMachineTests.swift; sourceTree = "<group>"; };
		B1000000000000000000001E /* TruckCostProfileView.swift */ = {isa = PBXFileReference; lastKnownFileType = sourcecode.swift; path = TruckCostProfileView.swift; sourceTree = "<group>"; };
		B1000000000000000000001F /* TruckCostProfileModels.swift */ = {isa = PBXFileReference; lastKnownFileType = sourcecode.swift; path = TruckCostProfileModels.swift; sourceTree = "<group>"; };
		B10000000000000000000020 /* TruckCostProfileModelTests.swift */ = {isa = PBXFileReference; lastKnownFileType = sourcecode.swift; path = TruckCostProfileModelTests.swift; sourceTree = "<group>"; };
		B10000000000000000000021 /* NewLoadModels.swift */ = {isa = PBXFileReference; lastKnownFileType = sourcecode.swift; path = NewLoadModels.swift; sourceTree = "<group>"; };
		B10000000000000000000022 /* NewLoadModelTests.swift */ = {isa = PBXFileReference; lastKnownFileType = sourcecode.swift; path = NewLoadModelTests.swift; sourceTree = "<group>"; };
		B10000000000000000000023 /* AttachmentImportButton.swift */ = {isa = PBXFileReference; lastKnownFileType = sourcecode.swift; path = AttachmentImportButton.swift; sourceTree = "<group>"; };
		B30000000000000000000001 /* ProfitabilityCalculator.swift */ = {isa = PBXFileReference; lastKnownFileType = sourcecode.swift; path = ProfitabilityCalculator.swift; sourceTree = "<group>"; };
		B30000000000000000000002 /* ProfitabilityCalculatorTests.swift */ = {isa = PBXFileReference; lastKnownFileType = sourcecode.swift; path = ProfitabilityCalculatorTests.swift; sourceTree = "<group>"; };
		B40000000000000000000001 /* BillingCalculations.swift */ = {isa = PBXFileReference; lastKnownFileType = sourcecode.swift; path = BillingCalculations.swift; sourceTree = "<group>"; };
		B40000000000000000000002 /* BillingCalculationsTests.swift */ = {isa = PBXFileReference; lastKnownFileType = sourcecode.swift; path = BillingCalculationsTests.swift; sourceTree = "<group>"; };
		B50000000000000000000001 /* ETAEstimation.swift */ = {isa = PBXFileReference; lastKnownFileType = sourcecode.swift; path = ETAEstimation.swift; sourceTree = "<group>"; };
		B50000000000000000000002 /* ETAEstimationTests.swift */ = {isa = PBXFileReference; lastKnownFileType = sourcecode.swift; path = ETAEstimationTests.swift; sourceTree = "<group>"; };
		B60000000000000000000005 /* HaulMateStorageKeys.swift */ = {isa = PBXFileReference; lastKnownFileType = sourcecode.swift; path = HaulMateStorageKeys.swift; sourceTree = "<group>"; };
		B60000000000000000000006 /* HaulMate.entitlements */ = {isa = PBXFileReference; lastKnownFileType = text.plist.entitlements; path = HaulMate.entitlements; sourceTree = "<group>"; };
		B60000000000000000000007 /* LocalStorageModels.swift */ = {isa = PBXFileReference; lastKnownFileType = sourcecode.swift; path = LocalStorageModels.swift; sourceTree = "<group>"; };
		B60000000000000000000008 /* LocalStorageDTOs.swift */ = {isa = PBXFileReference; lastKnownFileType = sourcecode.swift; path = LocalStorageDTOs.swift; sourceTree = "<group>"; };
		B60000000000000000000009 /* HaulMateLocalStorageRepository.swift */ = {isa = PBXFileReference; lastKnownFileType = sourcecode.swift; path = HaulMateLocalStorageRepository.swift; sourceTree = "<group>"; };
		B6000000000000000000000A /* HaulMateLocalStorageRepositoryTests.swift */ = {isa = PBXFileReference; lastKnownFileType = sourcecode.swift; path = HaulMateLocalStorageRepositoryTests.swift; sourceTree = "<group>"; };
		B80000000000000000000001 /* AuthSession.swift */ = {isa = PBXFileReference; lastKnownFileType = sourcecode.swift; path = AuthSession.swift; sourceTree = "<group>"; };
		B80000000000000000000002 /* HaulMateSecureSessionStore.swift */ = {isa = PBXFileReference; lastKnownFileType = sourcecode.swift; path = HaulMateSecureSessionStore.swift; sourceTree = "<group>"; };
/* End PBXFileReference section */

/* Begin PBXFrameworksBuildPhase section */
		F10000000000000000000001 /* Frameworks */ = {isa = PBXFrameworksBuildPhase; buildActionMask = 2147483647; files = (A70000000000000000000001 /* StorageModule in Frameworks */, A70000000000000000000002 /* AuthorizationModule in Frameworks */); runOnlyForDeploymentPostprocessing = 0; };
		F10000000000000000000002 /* Frameworks */ = {isa = PBXFrameworksBuildPhase; buildActionMask = 2147483647; files = (); runOnlyForDeploymentPostprocessing = 0; };
/* End PBXFrameworksBuildPhase section */

/* Begin PBXGroup section */
		G10000000000000000000001 = {
			isa = PBXGroup;
			children = (
				G10000000000000000000002 /* HaulMate */,
				G10000000000000000000006 /* HaulMateTests */,
				G10000000000000000000007 /* Products */,
			);
			sourceTree = "<group>";
		};
		G10000000000000000000002 /* HaulMate */ = {
			isa = PBXGroup;
			children = (
				G10000000000000000000003 /* App */,
				B60000000000000000000006 /* HaulMate.entitlements */,
				G10000000000000000000004 /* Navigation */,
				G20000000000000000000001 /* Domain */,
				G60000000000000000000001 /* Infrastructure */,
				G10000000000000000000005 /* Features */,
				G10000000000000000000016 /* Shared */,
				G10000000000000000000008 /* Resources */,
			);
			path = HaulMate;
			sourceTree = "<group>";
		};
		G10000000000000000000003 /* App */ = {isa = PBXGroup; children = (B10000000000000000000001, B10000000000000000000005, B1000000000000000000000E, B10000000000000000000015 /* AuthRepositoryDefaults.swift */, B80000000000000000000001 /* AuthSession.swift */); path = App; sourceTree = "<group>"; };
		G10000000000000000000004 /* Navigation */ = {isa = PBXGroup; children = (B10000000000000000000003, B10000000000000000000004); path = Navigation; sourceTree = "<group>"; };
		G10000000000000000000005 /* Features */ = {isa = PBXGroup; children = (G10000000000000000000009, G10000000000000000000010); path = Features; sourceTree = "<group>"; };
		G10000000000000000000006 /* HaulMateTests */ = {isa = PBXGroup; children = (B10000000000000000000009, B10000000000000000000014, B1000000000000000000001A, B10000000000000000000020, B10000000000000000000022 /* NewLoadModelTests.swift */, G60000000000000000000003 /* Infrastructure */, G20000000000000000000003 /* Domain */); path = HaulMateTests; sourceTree = "<group>"; };
		G10000000000000000000007 /* Products */ = {isa = PBXGroup; children = (B1000000000000000000000B, B1000000000000000000000C); name = Products; sourceTree = "<group>"; };
		G10000000000000000000008 /* Resources */ = {isa = PBXGroup; children = (B1000000000000000000000D, B1000000000000000000001C /* Localizable.strings */); path = Resources; sourceTree = "<group>"; };
		G10000000000000000000009 /* Authentication */ = {isa = PBXGroup; children = (B10000000000000000000006, B10000000000000000000019); path = Authentication; sourceTree = "<group>"; };
		G10000000000000000000010 /* Dashboard */ = {isa = PBXGroup; children = (B10000000000000000000007, G10000000000000000000011, G10000000000000000000015); path = Dashboard; sourceTree = "<group>"; };
		G10000000000000000000011 /* Tabs */ = {isa = PBXGroup; children = (G10000000000000000000012, G10000000000000000000013, G10000000000000000000014); path = Tabs; sourceTree = "<group>"; };
		G10000000000000000000012 /* Overview */ = {isa = PBXGroup; children = (B1000000000000000000000F); path = Overview; sourceTree = "<group>"; };
		G10000000000000000000013 /* Loads */ = {isa = PBXGroup; children = (B10000000000000000000010, B10000000000000000000011); path = Loads; sourceTree = "<group>"; };
		G10000000000000000000014 /* Settings */ = {isa = PBXGroup; children = (B10000000000000000000012, B10000000000000000000024 /* BusinessProfileView.swift */, B1000000000000000000001E, B1000000000000000000001F); path = Settings; sourceTree = "<group>"; };
		G10000000000000000000015 /* Sheets */ = {isa = PBXGroup; children = (B10000000000000000000013, B10000000000000000000021 /* NewLoadModels.swift */); path = Sheets; sourceTree = "<group>"; };
		G10000000000000000000016 /* Shared */ = {isa = PBXGroup; children = (G10000000000000000000017, G10000000000000000000019, G1000000000000000000001A, G10000000000000000000018); path = Shared; sourceTree = "<group>"; };
		G10000000000000000000017 /* Components */ = {isa = PBXGroup; children = (B10000000000000000000008, B10000000000000000000023 /* AttachmentImportButton.swift */); path = Components; sourceTree = "<group>"; };
		G10000000000000000000018 /* PreviewSupport */ = {isa = PBXGroup; children = (B10000000000000000000017); path = PreviewSupport; sourceTree = "<group>"; };
		G10000000000000000000019 /* DesignSystem */ = {isa = PBXGroup; children = (B10000000000000000000018); path = DesignSystem; sourceTree = "<group>"; };
		G1000000000000000000001A /* Localization */ = {isa = PBXGroup; children = (B1000000000000000000001B); path = Localization; sourceTree = "<group>"; };
		G20000000000000000000001 /* Domain */ = {isa = PBXGroup; children = (G20000000000000000000002 /* Loads */, G30000000000000000000001 /* Profitability */, G40000000000000000000001 /* Billing */, G50000000000000000000001 /* ETA */); path = Domain; sourceTree = "<group>"; };
		G20000000000000000000002 /* Loads */ = {isa = PBXGroup; children = (B20000000000000000000001 /* LoadDomain.swift */); path = Loads; sourceTree = "<group>"; };
		G20000000000000000000003 /* Domain */ = {isa = PBXGroup; children = (G20000000000000000000004 /* Loads */, G30000000000000000000002 /* Profitability */, G40000000000000000000002 /* Billing */, G50000000000000000000002 /* ETA */); path = Domain; sourceTree = "<group>"; };
		G20000000000000000000004 /* Loads */ = {isa = PBXGroup; children = (B20000000000000000000002 /* LoadStateMachineTests.swift */); path = Loads; sourceTree = "<group>"; };
		G30000000000000000000001 /* Profitability */ = {isa = PBXGroup; children = (B30000000000000000000001 /* ProfitabilityCalculator.swift */); path = Profitability; sourceTree = "<group>"; };
		G30000000000000000000002 /* Profitability */ = {isa = PBXGroup; children = (B30000000000000000000002 /* ProfitabilityCalculatorTests.swift */); path = Profitability; sourceTree = "<group>"; };
		G40000000000000000000001 /* Billing */ = {isa = PBXGroup; children = (B40000000000000000000001 /* BillingCalculations.swift */); path = Billing; sourceTree = "<group>"; };
		G40000000000000000000002 /* Billing */ = {isa = PBXGroup; children = (B40000000000000000000002 /* BillingCalculationsTests.swift */); path = Billing; sourceTree = "<group>"; };
		G50000000000000000000001 /* ETA */ = {isa = PBXGroup; children = (B50000000000000000000001 /* ETAEstimation.swift */); path = ETA; sourceTree = "<group>"; };
		G50000000000000000000002 /* ETA */ = {isa = PBXGroup; children = (B50000000000000000000002 /* ETAEstimationTests.swift */); path = ETA; sourceTree = "<group>"; };
		G60000000000000000000001 /* Infrastructure */ = {isa = PBXGroup; children = (G60000000000000000000002 /* Persistence */); path = Infrastructure; sourceTree = "<group>"; };
		G60000000000000000000002 /* Persistence */ = {isa = PBXGroup; children = (B60000000000000000000005 /* HaulMateStorageKeys.swift */, B60000000000000000000007 /* LocalStorageModels.swift */, B60000000000000000000008 /* LocalStorageDTOs.swift */, B60000000000000000000009 /* HaulMateLocalStorageRepository.swift */, B80000000000000000000002 /* HaulMateSecureSessionStore.swift */); path = Persistence; sourceTree = "<group>"; };
		G60000000000000000000003 /* Infrastructure */ = {isa = PBXGroup; children = (G60000000000000000000004 /* Persistence */); path = Infrastructure; sourceTree = "<group>"; };
		G60000000000000000000004 /* Persistence */ = {isa = PBXGroup; children = (B6000000000000000000000A /* HaulMateLocalStorageRepositoryTests.swift */); path = Persistence; sourceTree = "<group>"; };
/* End PBXGroup section */

/* Begin PBXNativeTarget section */
		E10000000000000000000001 /* HaulMate */ = {
			isa = PBXNativeTarget;
			buildConfigurationList = H10000000000000000000002;
			buildPhases = (F10000000000000000000007, F10000000000000000000003, F10000000000000000000001, F10000000000000000000005);
			buildRules = ();
			dependencies = ();
			name = HaulMate;
			packageProductDependencies = (P70000000000000000000002 /* StorageModule */, P80000000000000000000002 /* AuthorizationModule */);
			productName = HaulMate;
			productReference = B1000000000000000000000B;
			productType = "com.apple.product-type.application";
		};
		E10000000000000000000002 /* HaulMateTests */ = {
			isa = PBXNativeTarget;
			buildConfigurationList = H10000000000000000000003;
			buildPhases = (F10000000000000000000004, F10000000000000000000002, F10000000000000000000006);
			buildRules = ();
			dependencies = (C10000000000000000000002);
			name = HaulMateTests;
			productName = HaulMateTests;
			productReference = B1000000000000000000000C;
			productType = "com.apple.product-type.bundle.unit-test";
		};
/* End PBXNativeTarget section */

/* Begin PBXProject section */
		D10000000000000000000001 /* Project object */ = {
			isa = PBXProject;
			attributes = {
				BuildIndependentTargetsInParallel = 1;
				LastSwiftUpdateCheck = 1640;
				LastUpgradeCheck = 1640;
				TargetAttributes = {
					E10000000000000000000001 = { CreatedOnToolsVersion = 16.4; };
					E10000000000000000000002 = { CreatedOnToolsVersion = 16.4; TestTargetID = E10000000000000000000001; };
				};
			};
			buildConfigurationList = H10000000000000000000001;
			compatibilityVersion = "Xcode 16.0";
			developmentRegion = en;
			hasScannedForEncodings = 0;
			knownRegions = (en, Base);
			mainGroup = G10000000000000000000001;
			packageReferences = (P70000000000000000000001 /* XCLocalSwiftPackageReference "StorageModule" */, P80000000000000000000001 /* XCLocalSwiftPackageReference "AuthorizationModule" */);
			productRefGroup = G10000000000000000000007;
			projectDirPath = "";
			projectRoot = "";
			targets = (E10000000000000000000001, E10000000000000000000002);
		};
/* End PBXProject section */

/* Begin PBXResourcesBuildPhase section */
		F10000000000000000000005 /* Resources */ = {isa = PBXResourcesBuildPhase; buildActionMask = 2147483647; files = (A10000000000000000000019); runOnlyForDeploymentPostprocessing = 0; };
		F10000000000000000000006 /* Resources */ = {isa = PBXResourcesBuildPhase; buildActionMask = 2147483647; files = (); runOnlyForDeploymentPostprocessing = 0; };
/* End PBXResourcesBuildPhase section */

/* Begin PBXShellScriptBuildPhase section */
		F10000000000000000000007 /* Architecture Guard */ = {
			isa = PBXShellScriptBuildPhase;
			alwaysOutOfDate = 1;
			buildActionMask = 2147483647;
			files = ();
			inputFileListPaths = ();
			inputPaths = ();
			name = "Architecture Guard";
			outputFileListPaths = ();
			outputPaths = ();
			runOnlyForDeploymentPostprocessing = 0;
			shellPath = /bin/sh;
			shellScript = "/bin/sh \"$SRCROOT/Scripts/check_architecture.sh\"\n";
			showEnvVarsInLog = 0;
		};
/* End PBXShellScriptBuildPhase section */

/* Begin PBXSourcesBuildPhase section */
		F10000000000000000000003 /* Sources */ = {isa = PBXSourcesBuildPhase; buildActionMask = 2147483647; files = (A10000000000000000000001, A10000000000000000000003, A10000000000000000000004, A10000000000000000000005, A10000000000000000000006, A10000000000000000000007, A10000000000000000000008, A1000000000000000000000B, A1000000000000000000000C, A1000000000000000000000D, A1000000000000000000000E, A1000000000000000000000F, A10000000000000000000024, A10000000000000000000010, A10000000000000000000012, A10000000000000000000014, A10000000000000000000015, A10000000000000000000016, A80000000000000000000001, A10000000000000000000018, A20000000000000000000001, A1000000000000000000001A, A1000000000000000000001B, A1000000000000000000001D, A1000000000000000000001F, A30000000000000000000001, A40000000000000000000001, A50000000000000000000001, A60000000000000000000005, A60000000000000000000006, A60000000000000000000007, A60000000000000000000008, A80000000000000000000002); runOnlyForDeploymentPostprocessing = 0; };
		F10000000000000000000004 /* Sources */ = {isa = PBXSourcesBuildPhase; buildActionMask = 2147483647; files = (A10000000000000000000009, A10000000000000000000011, A10000000000000000000017, A20000000000000000000002, A1000000000000000000001C, A1000000000000000000001E, A30000000000000000000002, A40000000000000000000002, A50000000000000000000002, A60000000000000000000009); runOnlyForDeploymentPostprocessing = 0; };
/* End PBXSourcesBuildPhase section */

/* Begin PBXTargetDependency section */
		C10000000000000000000002 /* PBXTargetDependency */ = {isa = PBXTargetDependency; target = E10000000000000000000001; targetProxy = C10000000000000000000001; };
/* End PBXTargetDependency section */

/* Begin PBXVariantGroup section */
		B1000000000000000000001C /* Localizable.strings */ = {
			isa = PBXVariantGroup;
			children = (
				B1000000000000000000001D /* en */,
			);
			name = Localizable.strings;
			sourceTree = "<group>";
		};
/* End PBXVariantGroup section */

/* Begin XCBuildConfiguration section */
		I10000000000000000000001 /* Debug */ = {isa = XCBuildConfiguration; buildSettings = {CLANG_ENABLE_MODULES = YES; ENABLE_TESTABILITY = YES; GCC_C_LANGUAGE_STANDARD = gnu17; IPHONEOS_DEPLOYMENT_TARGET = 17.0; ONLY_ACTIVE_ARCH = YES; SDKROOT = iphoneos; SWIFT_ACTIVE_COMPILATION_CONDITIONS = "DEBUG $(inherited)"; SWIFT_OPTIMIZATION_LEVEL = "-Onone"; }; name = Debug; };
		I10000000000000000000002 /* Release */ = {isa = XCBuildConfiguration; buildSettings = {CLANG_ENABLE_MODULES = YES; GCC_C_LANGUAGE_STANDARD = gnu17; IPHONEOS_DEPLOYMENT_TARGET = 17.0; SDKROOT = iphoneos; SWIFT_COMPILATION_MODE = wholemodule; }; name = Release; };
		I10000000000000000000003 /* Debug */ = {isa = XCBuildConfiguration; buildSettings = {"CODE_SIGN_ALLOW_ENTITLEMENTS_MODIFICATION[sdk=iphonesimulator*]" = YES; CODE_SIGN_ENTITLEMENTS = HaulMate/HaulMate.entitlements; CODE_SIGN_STYLE = Automatic; CURRENT_PROJECT_VERSION = 1; GENERATE_INFOPLIST_FILE = NO; INFOPLIST_FILE = HaulMate/Resources/Info.plist; MARKETING_VERSION = 0.1; PRODUCT_BUNDLE_IDENTIFIER = com.jerelwalters.HaulMate; PRODUCT_NAME = "$(TARGET_NAME)"; SWIFT_EMIT_LOC_STRINGS = YES; SWIFT_VERSION = 6.0; TARGETED_DEVICE_FAMILY = "1,2"; }; name = Debug; };
		I10000000000000000000004 /* Release */ = {isa = XCBuildConfiguration; buildSettings = {"CODE_SIGN_ALLOW_ENTITLEMENTS_MODIFICATION[sdk=iphonesimulator*]" = YES; CODE_SIGN_ENTITLEMENTS = HaulMate/HaulMate.entitlements; CODE_SIGN_STYLE = Automatic; CURRENT_PROJECT_VERSION = 1; GENERATE_INFOPLIST_FILE = NO; INFOPLIST_FILE = HaulMate/Resources/Info.plist; MARKETING_VERSION = 0.1; PRODUCT_BUNDLE_IDENTIFIER = com.jerelwalters.HaulMate; PRODUCT_NAME = "$(TARGET_NAME)"; SWIFT_EMIT_LOC_STRINGS = YES; SWIFT_VERSION = 6.0; TARGETED_DEVICE_FAMILY = "1,2"; }; name = Release; };
		I10000000000000000000005 /* Debug */ = {isa = XCBuildConfiguration; buildSettings = {BUNDLE_LOADER = "$(TEST_HOST)"; CODE_SIGN_STYLE = Automatic; GENERATE_INFOPLIST_FILE = YES; IPHONEOS_DEPLOYMENT_TARGET = 17.0; PRODUCT_BUNDLE_IDENTIFIER = com.jerelwalters.HaulMateTests; PRODUCT_NAME = "$(TARGET_NAME)"; SWIFT_VERSION = 6.0; TARGETED_DEVICE_FAMILY = "1,2"; TEST_HOST = "$(BUILT_PRODUCTS_DIR)/HaulMate.app/$(BUNDLE_EXECUTABLE_FOLDER_PATH)/HaulMate"; }; name = Debug; };
		I10000000000000000000006 /* Release */ = {isa = XCBuildConfiguration; buildSettings = {BUNDLE_LOADER = "$(TEST_HOST)"; CODE_SIGN_STYLE = Automatic; GENERATE_INFOPLIST_FILE = YES; IPHONEOS_DEPLOYMENT_TARGET = 17.0; PRODUCT_BUNDLE_IDENTIFIER = com.jerelwalters.HaulMateTests; PRODUCT_NAME = "$(TARGET_NAME)"; SWIFT_VERSION = 6.0; TARGETED_DEVICE_FAMILY = "1,2"; TEST_HOST = "$(BUILT_PRODUCTS_DIR)/HaulMate.app/$(BUNDLE_EXECUTABLE_FOLDER_PATH)/HaulMate"; }; name = Release; };
/* End XCBuildConfiguration section */

/* Begin XCConfigurationList section */
		H10000000000000000000001 = {isa = XCConfigurationList; buildConfigurations = (I10000000000000000000001, I10000000000000000000002); defaultConfigurationIsVisible = 0; defaultConfigurationName = Release; };
		H10000000000000000000002 = {isa = XCConfigurationList; buildConfigurations = (I10000000000000000000003, I10000000000000000000004); defaultConfigurationIsVisible = 0; defaultConfigurationName = Release; };
		H10000000000000000000003 = {isa = XCConfigurationList; buildConfigurations = (I10000000000000000000005, I10000000000000000000006); defaultConfigurationIsVisible = 0; defaultConfigurationName = Release; };
/* End XCConfigurationList section */

/* Begin XCLocalSwiftPackageReference section */
		P70000000000000000000001 /* XCLocalSwiftPackageReference "StorageModule" */ = {
			isa = XCLocalSwiftPackageReference;
			relativePath = Packages/StorageModule;
		};
		P80000000000000000000001 /* XCLocalSwiftPackageReference "AuthorizationModule" */ = {
			isa = XCLocalSwiftPackageReference;
			relativePath = Packages/AuthorizationModule;
		};
/* End XCLocalSwiftPackageReference section */

/* Begin XCSwiftPackageProductDependency section */
		P70000000000000000000002 /* StorageModule */ = {
			isa = XCSwiftPackageProductDependency;
			package = P70000000000000000000001 /* XCLocalSwiftPackageReference "StorageModule" */;
			productName = StorageModule;
		};
		P80000000000000000000002 /* AuthorizationModule */ = {
			isa = XCSwiftPackageProductDependency;
			package = P80000000000000000000001 /* XCLocalSwiftPackageReference "AuthorizationModule" */;
			productName = AuthorizationModule;
		};
/* End XCSwiftPackageProductDependency section */
	};
	rootObject = D10000000000000000000001 /* Project object */;
}
